
Microsoft Visual Studio Solution File, Format Version 12.00
# Visual Studio Version 17
VisualStudioVersion = 17.8.34309.116
MinimumVisualStudioVersion = 10.0.40219.1
Project("{9A19103F-16F7-4668-BE54-9A1E7A4F7556}") = "GlobalClimateAPI", "GlobalClimateAPI\GlobalClimateAPI.csproj", "{642C5E6D-7D6F-4B32-A997-0F158526E88B}"
EndProject
Project("{2150E333-8FDC-42A3-9474-1A3956D46DE8}") = "Core", "Core", "{989144CB-FEAA-48BE-AC1A-7CDD107A3109}"
EndProject
Project("{9A19103F-16F7-4668-BE54-9A1E7A4F7556}") = "Core.Domain", "..\Core\Core.Domain\Core.Domain.csproj", "{AD66249E-EB07-4437-9F55-B07E85F7C2D9}"
EndProject
Project("{9A19103F-16F7-4668-BE54-9A1E7A4F7556}") = "Core.Infrastructure", "..\Core\Core.Infrastructure\Core.Infrastructure.csproj", "{28A12F41-6786-4B83-81B9-793C82ADAB0B}"
EndProject
Project("{9A19103F-16F7-4668-BE54-9A1E7A4F7556}") = "Core.Services", "..\Core\Core.Services\Core.Services.csproj", "{8CD5C1F6-5E8D-47C0-8F23-45C4DF23F462}"
EndProject
Global
	GlobalSection(SolutionConfigurationPlatforms) = preSolution
		Debug|Any CPU = Debug|Any CPU
		Release|Any CPU = Release|Any CPU
	EndGlobalSection
	GlobalSection(ProjectConfigurationPlatforms) = postSolution
		{642C5E6D-7D6F-4B32-A997-0F158526E88B}.Debug|Any CPU.ActiveCfg = Debug|Any CPU
		{642C5E6D-7D6F-4B32-A997-0F158526E88B}.Debug|Any CPU.Build.0 = Debug|Any CPU
		{642C5E6D-7D6F-4B32-A997-0F158526E88B}.Release|Any CPU.ActiveCfg = Release|Any CPU
		{642C5E6D-7D6F-4B32-A997-0F158526E88B}.Release|Any CPU.Build.0 = Release|Any CPU
		{AD66249E-EB07-4437-9F55-B07E85F7C2D9}.Debug|Any CPU.ActiveCfg = Debug|Any CPU
		{AD66249E-EB07-4437-9F55-B07E85F7C2D9}.Debug|Any CPU.Build.0 = Debug|Any CPU
		{AD66249E-EB07-4437-9F55-B07E85F7C2D9}.Release|Any CPU.ActiveCfg = Release|Any CPU
		{AD66249E-EB07-4437-9F55-B07E85F7C2D9}.Release|Any CPU.Build.0 = Release|Any CPU
		{28A12F41-6786-4B83-81B9-793C82ADAB0B}.Debug|Any CPU.ActiveCfg = Debug|Any CPU
		{28A12F41-6786-4B83-81B9-793C82ADAB0B}.Debug|Any CPU.Build.0 = Debug|Any CPU
		{28A12F41-6786-4B83-81B9-793C82ADAB0B}.Release|Any CPU.ActiveCfg = Release|Any CPU
		{28A12F41-6786-4B83-81B9-793C82ADAB0B}.Release|Any CPU.Build.0 = Release|Any CPU
		{8CD5C1F6-5E8D-47C0-8F23-45C4DF23F462}.Debug|Any CPU.ActiveCfg = Debug|Any CPU
		{8CD5C1F6-5E8D-47C0-8F23-45C4DF23F462}.Debug|Any CPU.Build.0 = Debug|Any CPU
		{8CD5C1F6-5E8D-47C0-8F23-45C4DF23F462}.Release|Any CPU.ActiveCfg = Release|Any CPU
		{8CD5C1F6-5E8D-47C0-8F23-45C4DF23F462}.Release|Any CPU.Build.0 = Release|Any CPU
	EndGlobalSection
	GlobalSection(SolutionProperties) = preSolution
		HideSolutionNode = FALSE
	EndGlobalSection
	GlobalSection(NestedProjects) = preSolution
		{AD66249E-EB07-4437-9F55-B07E85F7C2D9} = {989144CB-FEAA-48BE-AC1A-7CDD107A3109}
		{28A12F41-6786-4B83-81B9-793C82ADAB0B} = {989144CB-FEAA-48BE-AC1A-7CDD107A3109}
		{8CD5C1F6-5E8D-47C0-8F23-45C4DF23F462} = {989144CB-FEAA-48BE-AC1A-7CDD107A3109}
	EndGlobalSection
	GlobalSection(ExtensibilityGlobals) = postSolution
		SolutionGuid = {87891410-D939-452D-90E0-A3067FBBE519}
	EndGlobalSection
EndGlobal
